Microsoft Visual Studio Solution File, Format Version 12.00
# Visual Studio Version 17
VisualStudioVersion = 17.5.2.0
MinimumVisualStudioVersion = 10.0.40219.1
Project("{FAE04EC0-301F-11D3-BF4B-00C04F79EFBC}") = "apiNotaFiscalKrp", "apiNotaFiscalKrp\apiNotaFiscalKrp.csproj", "{55ED261B-3206-DC06-251C-693B458CFE61}"
EndProject
Global
	GlobalSection(SolutionConfigurationPlatforms) = preSolution
		Debug|Any CPU = Debug|Any CPU
		Release|Any CPU = Release|Any CPU
	EndGlobalSection
	GlobalSection(ProjectConfigurationPlatforms) = postSolution
		{55ED261B-3206-DC06-251C-693B458CFE61}.Debug|Any CPU.ActiveCfg = Debug|Any CPU
		{55ED261B-3206-DC06-251C-693B458CFE61}.Debug|Any CPU.Build.0 = Debug|Any CPU
		{55ED261B-3206-DC06-251C-693B458CFE61}.Release|Any CPU.ActiveCfg = Release|Any CPU
		{55ED261B-3206-DC06-251C-693B458CFE61}.Release|Any CPU.Build.0 = Release|Any CPU
	EndGlobalSection
	GlobalSection(SolutionProperties) = preSolution
		HideSolutionNode = FALSE
	EndGlobalSection
	GlobalSection(ExtensibilityGlobals) = postSolution
		SolutionGuid = {BD903164-5DB8-4828-AC9F-27B0C2E280E4}
	EndGlobalSection
EndGlobal
